
Microsoft Visual Studio Solution File, Format Version 12.00
# Visual Studio 14
VisualStudioVersion = 14.0.25420.1
MinimumVisualStudioVersion = 10.0.40219.1
Project("{FAE04EC0-301F-11D3-BF4B-00C04F79EFBC}") = "CSharpGameLibrary", "CSharpGameLibrary\CSharpGameLibrary.csproj", "{D7103402-1C84-4921-AF9C-38D9A6231E7A}"
EndProject
Project("{FAE04EC0-301F-11D3-BF4B-00C04F79EFBC}") = "CSGL.OpenGL", "CSGL.GL4\CSGL.OpenGL.csproj", "{FDEBFC1C-189D-4DB4-A056-0778B0DD7750}"
EndProject
Project("{FAE04EC0-301F-11D3-BF4B-00C04F79EFBC}") = "CSGL.STB", "CSGL.STB\CSGL.STB.csproj", "{69EE75BC-2E89-41C8-BF0A-B35C59DCDCE5}"
EndProject
Project("{8BC9CEB8-8B4A-11D0-8D11-00A0C91BC942}") = "STB", "STB_native\STB_native.vcxproj", "{2393CE57-3E32-428A-9A23-B0D01C6C6B16}"
EndProject
Project("{FAE04EC0-301F-11D3-BF4B-00C04F79EFBC}") = "CSGL.Vulkan", "CSGL.Vulkan1\CSGL.Vulkan.csproj", "{F3E51928-2259-4AED-9581-E7D4C49EA957}"
EndProject
Project("{FAE04EC0-301F-11D3-BF4B-00C04F79EFBC}") = "CSGL.MSDFGen", "CSGL.MSDFGen\CSGL.MSDFGen.csproj", "{C54DAD5A-6E13-47AF-856B-BF5CC4C519B4}"
EndProject
Global
	GlobalSection(SolutionConfigurationPlatforms) = preSolution
		Debug|Any CPU = Debug|Any CPU
		Debug|x64 = Debug|x64
		Debug|x86 = Debug|x86
		Release|Any CPU = Release|Any CPU
		Release|x64 = Release|x64
		Release|x86 = Release|x86
	EndGlobalSection
	GlobalSection(ProjectConfigurationPlatforms) = postSolution
		{D7103402-1C84-4921-AF9C-38D9A6231E7A}.Debug|Any CPU.ActiveCfg = Debug|Any CPU
		{D7103402-1C84-4921-AF9C-38D9A6231E7A}.Debug|Any CPU.Build.0 = Debug|Any CPU
		{D7103402-1C84-4921-AF9C-38D9A6231E7A}.Debug|x64.ActiveCfg = Debug|Any CPU
		{D7103402-1C84-4921-AF9C-38D9A6231E7A}.Debug|x64.Build.0 = Debug|Any CPU
		{D7103402-1C84-4921-AF9C-38D9A6231E7A}.Debug|x86.ActiveCfg = Debug|Any CPU
		{D7103402-1C84-4921-AF9C-38D9A6231E7A}.Debug|x86.Build.0 = Debug|Any CPU
		{D7103402-1C84-4921-AF9C-38D9A6231E7A}.Release|Any CPU.ActiveCfg = Release|Any CPU
		{D7103402-1C84-4921-AF9C-38D9A6231E7A}.Release|Any CPU.Build.0 = Release|Any CPU
		{D7103402-1C84-4921-AF9C-38D9A6231E7A}.Release|x64.ActiveCfg = Release|Any CPU
		{D7103402-1C84-4921-AF9C-38D9A6231E7A}.Release|x64.Build.0 = Release|Any CPU
		{D7103402-1C84-4921-AF9C-38D9A6231E7A}.Release|x86.ActiveCfg = Release|Any CPU
		{D7103402-1C84-4921-AF9C-38D9A6231E7A}.Release|x86.Build.0 = Release|Any CPU
		{FDEBFC1C-189D-4DB4-A056-0778B0DD7750}.Debug|Any CPU.ActiveCfg = Debug|Any CPU
		{FDEBFC1C-189D-4DB4-A056-0778B0DD7750}.Debug|Any CPU.Build.0 = Debug|Any CPU
		{FDEBFC1C-189D-4DB4-A056-0778B0DD7750}.Debug|x64.ActiveCfg = Debug|Any CPU
		{FDEBFC1C-189D-4DB4-A056-0778B0DD7750}.Debug|x64.Build.0 = Debug|Any CPU
		{FDEBFC1C-189D-4DB4-A056-0778B0DD7750}.Debug|x86.ActiveCfg = Debug|Any CPU
		{FDEBFC1C-189D-4DB4-A056-0778B0DD7750}.Debug|x86.Build.0 = Debug|Any CPU
		{FDEBFC1C-189D-4DB4-A056-0778B0DD7750}.Release|Any CPU.ActiveCfg = Release|Any CPU
		{FDEBFC1C-189D-4DB4-A056-0778B0DD7750}.Release|Any CPU.Build.0 = Release|Any CPU
		{FDEBFC1C-189D-4DB4-A056-0778B0DD7750}.Release|x64.ActiveCfg = Release|Any CPU
		{FDEBFC1C-189D-4DB4-A056-0778B0DD7750}.Release|x64.Build.0 = Release|Any CPU
		{FDEBFC1C-189D-4DB4-A056-0778B0DD7750}.Release|x86.ActiveCfg = Release|Any CPU
		{FDEBFC1C-189D-4DB4-A056-0778B0DD7750}.Release|x86.Build.0 = Release|Any CPU
		{69EE75BC-2E89-41C8-BF0A-B35C59DCDCE5}.Debug|Any CPU.ActiveCfg = Debug|Any CPU
		{69EE75BC-2E89-41C8-BF0A-B35C59DCDCE5}.Debug|Any CPU.Build.0 = Debug|Any CPU
		{69EE75BC-2E89-41C8-BF0A-B35C59DCDCE5}.Debug|x64.ActiveCfg = Debug|Any CPU
		{69EE75BC-2E89-41C8-BF0A-B35C59DCDCE5}.Debug|x64.Build.0 = Debug|Any CPU
		{69EE75BC-2E89-41C8-BF0A-B35C59DCDCE5}.Debug|x86.ActiveCfg = Debug|Any CPU
		{69EE75BC-2E89-41C8-BF0A-B35C59DCDCE5}.Debug|x86.Build.0 = Debug|Any CPU
		{69EE75BC-2E89-41C8-BF0A-B35C59DCDCE5}.Release|Any CPU.ActiveCfg = Release|Any CPU
		{69EE75BC-2E89-41C8-BF0A-B35C59DCDCE5}.Release|Any CPU.Build.0 = Release|Any CPU
		{69EE75BC-2E89-41C8-BF0A-B35C59DCDCE5}.Release|x64.ActiveCfg = Release|Any CPU
		{69EE75BC-2E89-41C8-BF0A-B35C59DCDCE5}.Release|x64.Build.0 = Release|Any CPU
		{69EE75BC-2E89-41C8-BF0A-B35C59DCDCE5}.Release|x86.ActiveCfg = Release|Any CPU
		{69EE75BC-2E89-41C8-BF0A-B35C59DCDCE5}.Release|x86.Build.0 = Release|Any CPU
		{2393CE57-3E32-428A-9A23-B0D01C6C6B16}.Debug|Any CPU.ActiveCfg = Debug|Win32
		{2393CE57-3E32-428A-9A23-B0D01C6C6B16}.Debug|x64.ActiveCfg = Debug|x64
		{2393CE57-3E32-428A-9A23-B0D01C6C6B16}.Debug|x64.Build.0 = Debug|x64
		{2393CE57-3E32-428A-9A23-B0D01C6C6B16}.Debug|x86.ActiveCfg = Debug|Win32
		{2393CE57-3E32-428A-9A23-B0D01C6C6B16}.Debug|x86.Build.0 = Debug|Win32
		{2393CE57-3E32-428A-9A23-B0D01C6C6B16}.Release|Any CPU.ActiveCfg = Release|Win32
		{2393CE57-3E32-428A-9A23-B0D01C6C6B16}.Release|x64.ActiveCfg = Release|x64
		{2393CE57-3E32-428A-9A23-B0D01C6C6B16}.Release|x64.Build.0 = Release|x64
		{2393CE57-3E32-428A-9A23-B0D01C6C6B16}.Release|x86.ActiveCfg = Release|Win32
		{2393CE57-3E32-428A-9A23-B0D01C6C6B16}.Release|x86.Build.0 = Release|Win32
		{F3E51928-2259-4AED-9581-E7D4C49EA957}.Debug|Any CPU.ActiveCfg = Debug|Any CPU
		{F3E51928-2259-4AED-9581-E7D4C49EA957}.Debug|Any CPU.Build.0 = Debug|Any CPU
		{F3E51928-2259-4AED-9581-E7D4C49EA957}.Debug|x64.ActiveCfg = Debug|Any CPU
		{F3E51928-2259-4AED-9581-E7D4C49EA957}.Debug|x64.Build.0 = Debug|Any CPU
		{F3E51928-2259-4AED-9581-E7D4C49EA957}.Debug|x86.ActiveCfg = Debug|Any CPU
		{F3E51928-2259-4AED-9581-E7D4C49EA957}.Debug|x86.Build.0 = Debug|Any CPU
		{F3E51928-2259-4AED-9581-E7D4C49EA957}.Release|Any CPU.ActiveCfg = Release|Any CPU
		{F3E51928-2259-4AED-9581-E7D4C49EA957}.Release|Any CPU.Build.0 = Release|Any CPU
		{F3E51928-2259-4AED-9581-E7D4C49EA957}.Release|x64.ActiveCfg = Release|Any CPU
		{F3E51928-2259-4AED-9581-E7D4C49EA957}.Release|x64.Build.0 = Release|Any CPU
		{F3E51928-2259-4AED-9581-E7D4C49EA957}.Release|x86.ActiveCfg = Release|Any CPU
		{F3E51928-2259-4AED-9581-E7D4C49EA957}.Release|x86.Build.0 = Release|Any CPU
		{C54DAD5A-6E13-47AF-856B-BF5CC4C519B4}.Debug|Any CPU.ActiveCfg = Debug|Any CPU
		{C54DAD5A-6E13-47AF-856B-BF5CC4C519B4}.Debug|Any CPU.Build.0 = Debug|Any CPU
		{C54DAD5A-6E13-47AF-856B-BF5CC4C519B4}.Debug|x64.ActiveCfg = Debug|Any CPU
		{C54DAD5A-6E13-47AF-856B-BF5CC4C519B4}.Debug|x64.Build.0 = Debug|Any CPU
		{C54DAD5A-6E13-47AF-856B-BF5CC4C519B4}.Debug|x86.ActiveCfg = Debug|Any CPU
		{C54DAD5A-6E13-47AF-856B-BF5CC4C519B4}.Debug|x86.Build.0 = Debug|Any CPU
		{C54DAD5A-6E13-47AF-856B-BF5CC4C519B4}.Release|Any CPU.ActiveCfg = Release|Any CPU
		{C54DAD5A-6E13-47AF-856B-BF5CC4C519B4}.Release|Any CPU.Build.0 = Release|Any CPU
		{C54DAD5A-6E13-47AF-856B-BF5CC4C519B4}.Release|x64.ActiveCfg = Release|Any CPU
		{C54DAD5A-6E13-47AF-856B-BF5CC4C519B4}.Release|x64.Build.0 = Release|Any CPU
		{C54DAD5A-6E13-47AF-856B-BF5CC4C519B4}.Release|x86.ActiveCfg = Release|Any CPU
		{C54DAD5A-6E13-47AF-856B-BF5CC4C519B4}.Release|x86.Build.0 = Release|Any CPU
	EndGlobalSection
	GlobalSection(SolutionProperties) = preSolution
		HideSolutionNode = FALSE
	EndGlobalSection
EndGlobal
